
Microsoft Visual Studio Solution File, Format Version 12.00
# Visual Studio 2010
Project("{FAE04EC0-301F-11D3-BF4B-00C04F79EFBC}") = "CaseloadManager", "CaseloadManager\CaseloadManager.csproj", "{42B67F0A-F1A0-4F19-BC40-27309DFB1A13}"
EndProject
Project("{FAE04EC0-301F-11D3-BF4B-00C04F79EFBC}") = "CaseloadManager.Entities", "CaseloadManager.Entities\CaseloadManager.Entities.csproj", "{E2698379-0DCE-4D1C-987E-BE5CD14781DB}"
EndProject
Global
	GlobalSection(SourceCodeControl) = preSolution
		SccNumberOfProjects = 3
		SccLocalPath0 = .
		SccProjectUniqueName1 = CaseloadManager\\CaseloadManager.csproj
		SccLocalPath1 = .
		SccProjectFilePathRelativizedFromConnection1 = CaseloadManager\\
		SccProjectUniqueName2 = CaseloadManager.Entities\\CaseloadManager.Entities.csproj
		SccLocalPath2 = .
		SccProjectFilePathRelativizedFromConnection2 = CaseloadManager.Entities\\
	EndGlobalSection
	GlobalSection(SolutionConfigurationPlatforms) = preSolution
		Debug|Any CPU = Debug|Any CPU
		Debug|Mixed Platforms = Debug|Mixed Platforms
		Debug|x86 = Debug|x86
		Release|Any CPU = Release|Any CPU
		Release|Mixed Platforms = Release|Mixed Platforms
		Release|x86 = Release|x86
	EndGlobalSection
	GlobalSection(ProjectConfigurationPlatforms) = postSolution
		{42B67F0A-F1A0-4F19-BC40-27309DFB1A13}.Debug|Any CPU.ActiveCfg = Debug|Any CPU
		{42B67F0A-F1A0-4F19-BC40-27309DFB1A13}.Debug|Any CPU.Build.0 = Debug|Any CPU
		{42B67F0A-F1A0-4F19-BC40-27309DFB1A13}.Debug|Mixed Platforms.ActiveCfg = Debug|Any CPU
		{42B67F0A-F1A0-4F19-BC40-27309DFB1A13}.Debug|Mixed Platforms.Build.0 = Debug|Any CPU
		{42B67F0A-F1A0-4F19-BC40-27309DFB1A13}.Debug|x86.ActiveCfg = Debug|Any CPU
		{42B67F0A-F1A0-4F19-BC40-27309DFB1A13}.Debug|x86.Build.0 = Debug|Any CPU
		{42B67F0A-F1A0-4F19-BC40-27309DFB1A13}.Release|Any CPU.ActiveCfg = Release|Any CPU
		{42B67F0A-F1A0-4F19-BC40-27309DFB1A13}.Release|Any CPU.Build.0 = Release|Any CPU
		{42B67F0A-F1A0-4F19-BC40-27309DFB1A13}.Release|Mixed Platforms.ActiveCfg = Release|Any CPU
		{42B67F0A-F1A0-4F19-BC40-27309DFB1A13}.Release|Mixed Platforms.Build.0 = Release|Any CPU
		{42B67F0A-F1A0-4F19-BC40-27309DFB1A13}.Release|x86.ActiveCfg = Release|Any CPU
		{42B67F0A-F1A0-4F19-BC40-27309DFB1A13}.Release|x86.Build.0 = Release|Any CPU
		{E2698379-0DCE-4D1C-987E-BE5CD14781DB}.Debug|Any CPU.ActiveCfg = Debug|Any CPU
		{E2698379-0DCE-4D1C-987E-BE5CD14781DB}.Debug|Any CPU.Build.0 = Debug|Any CPU
		{E2698379-0DCE-4D1C-987E-BE5CD14781DB}.Debug|Mixed Platforms.ActiveCfg = Debug|Any CPU
		{E2698379-0DCE-4D1C-987E-BE5CD14781DB}.Debug|Mixed Platforms.Build.0 = Debug|Any CPU
		{E2698379-0DCE-4D1C-987E-BE5CD14781DB}.Debug|x86.ActiveCfg = Debug|Any CPU
		{E2698379-0DCE-4D1C-987E-BE5CD14781DB}.Debug|x86.Build.0 = Debug|Any CPU
		{E2698379-0DCE-4D1C-987E-BE5CD14781DB}.Release|Any CPU.ActiveCfg = Release|Any CPU
		{E2698379-0DCE-4D1C-987E-BE5CD14781DB}.Release|Any CPU.Build.0 = Release|Any CPU
		{E2698379-0DCE-4D1C-987E-BE5CD14781DB}.Release|Mixed Platforms.ActiveCfg = Release|Any CPU
		{E2698379-0DCE-4D1C-987E-BE5CD14781DB}.Release|Mixed Platforms.Build.0 = Release|Any CPU
		{E2698379-0DCE-4D1C-987E-BE5CD14781DB}.Release|x86.ActiveCfg = Release|Any CPU
		{E2698379-0DCE-4D1C-987E-BE5CD14781DB}.Release|x86.Build.0 = Release|Any CPU
	EndGlobalSection
	GlobalSection(SolutionProperties) = preSolution
		HideSolutionNode = FALSE
	EndGlobalSection
EndGlobal
